// !$*UTF8*$!
{
	archiveVersion = 1;
	classes = {
	};
	objectVersion = 56;
	objects = {

/* Begin PBXBuildFile section */
		480C716E2C1EF14A0059001A /* LandmarksApp.swift in Sources */ = {isa = PBXBuildFile; fileRef = 480C716D2C1EF14A0059001A /* LandmarksApp.swift */; };
		480C71722C1EF14C0059001A /* Assets.xcassets in Resources */ = {isa = PBXBuildFile; fileRef = 480C71712C1EF14C0059001A /* Assets.xcassets */; };
		480C71752C1EF14C0059001A /* Preview Assets.xcassets in Resources */ = {isa = PBXBuildFile; fileRef = 480C71742C1EF14C0059001A /* Preview Assets.xcassets */; };
		487A6F2A2C1F1E8B000B3125 /* landmarkData.json in Resources */ = {isa = PBXBuildFile; fileRef = 487A6F1B2C1F1E8B000B3125 /* landmarkData.json */; };
		487A6F2B2C1F1E8B000B3125 /* CircleImage.swift in Sources */ = {isa = PBXBuildFile; fileRef = 487A6F1D2C1F1E8B000B3125 /* CircleImage.swift */; };
		487A6F2C2C1F1E8B000B3125 /* FavoriteButton.swift in Sources */ = {isa = PBXBuildFile; fileRef = 487A6F1E2C1F1E8B000B3125 /* FavoriteButton.swift */; };
		487A6F2D2C1F1E8B000B3125 /* MapView.swift in Sources */ = {isa = PBXBuildFile; fileRef = 487A6F1F2C1F1E8B000B3125 /* MapView.swift */; };
		487A6F2E2C1F1E8B000B3125 /* LandmarkDetail.swift in Sources */ = {isa = PBXBuildFile; fileRef = 487A6F212C1F1E8B000B3125 /* LandmarkDetail.swift */; };
		487A6F2F2C1F1E8B000B3125 /* LandmarkList.swift in Sources */ = {isa = PBXBuildFile; fileRef = 487A6F222C1F1E8B000B3125 /* LandmarkList.swift */; };
		487A6F302C1F1E8B000B3125 /* LandmarkRow.swift in Sources */ = {isa = PBXBuildFile; fileRef = 487A6F232C1F1E8B000B3125 /* LandmarkRow.swift */; };
		487A6F312C1F1E8B000B3125 /* ContentView.swift in Sources */ = {isa = PBXBuildFile; fileRef = 487A6F252C1F1E8B000B3125 /* ContentView.swift */; };
		487A6F322C1F1E8B000B3125 /* Landmark.swift in Sources */ = {isa = PBXBuildFile; fileRef = 487A6F272C1F1E8B000B3125 /* Landmark.swift */; };
		487A6F332C1F1E8B000B3125 /* ModelData.swift in Sources */ = {isa = PBXBuildFile; fileRef = 487A6F282C1F1E8B000B3125 /* ModelData.swift */; };
		487A6F352C1F1FA8000B3125 /* HexagonParameters.swift.  .swift in Sources */ = {isa = PBXBuildFile; fileRef = 487A6F342C1F1FA8000B3125 /* HexagonParameters.swift.  .swift */; };
		487A6F372C1F2081000B3125 /* BadgeBackground.swift in Sources */ = {isa = PBXBuildFile; fileRef = 487A6F362C1F2081000B3125 /* BadgeBackground.swift */; };
		487A6F392C1F308C000B3125 /* BadgeSymbol.swift in Sources */ = {isa = PBXBuildFile; fileRef = 487A6F382C1F308C000B3125 /* BadgeSymbol.swift */; };
		487A6F3B2C1F3137000B3125 /* RotatedBadgeSymbol.swift in Sources */ = {isa = PBXBuildFile; fileRef = 487A6F3A2C1F3137000B3125 /* RotatedBadgeSymbol.swift */; };
		487A6F3D2C1F31B4000B3125 /* Badge.swift in Sources */ = {isa = PBXBuildFile; fileRef = 487A6F3C2C1F31B4000B3125 /* Badge.swift */; };
		487A6F402C1F33A8000B3125 /* hikeData.json in Resources */ = {isa = PBXBuildFile; fileRef = 487A6F3F2C1F33A7000B3125 /* hikeData.json */; };
		487A6F422C1F33CE000B3125 /* Hike.swift in Sources */ = {isa = PBXBuildFile; fileRef = 487A6F412C1F33CE000B3125 /* Hike.swift */; };
		487A6F482C1F3580000B3125 /* GraphCapsule.swift in Sources */ = {isa = PBXBuildFile; fileRef = 487A6F432C1F3580000B3125 /* GraphCapsule.swift */; };
		487A6F492C1F3580000B3125 /* HikeDetail.swift in Sources */ = {isa = PBXBuildFile; fileRef = 487A6F442C1F3580000B3125 /* HikeDetail.swift */; };
		487A6F4A2C1F3580000B3125 /* HikeGraph.swift in Sources */ = {isa = PBXBuildFile; fileRef = 487A6F452C1F3580000B3125 /* HikeGraph.swift */; };
		487A6F4B2C1F3580000B3125 /* HikeView.swift in Sources */ = {isa = PBXBuildFile; fileRef = 487A6F462C1F3580000B3125 /* HikeView.swift */; };
		487A6F4E2C1F5874000B3125 /* CategoryHome.swift in Sources */ = {isa = PBXBuildFile; fileRef = 487A6F4D2C1F5874000B3125 /* CategoryHome.swift */; };
		487A6F502C1F5A5C000B3125 /* CategoryRow.swift in Sources */ = {isa = PBXBuildFile; fileRef = 487A6F4F2C1F5A5C000B3125 /* CategoryRow.swift */; };
		487A6F522C1F5AC9000B3125 /* CategoryItem.swift in Sources */ = {isa = PBXBuildFile; fileRef = 487A6F512C1F5AC9000B3125 /* CategoryItem.swift */; };
/* End PBXBuildFile section */

/* Begin PBXFileReference section */
		480C716A2C1EF14A0059001A /* Landmarks.app */ = {isa = PBXFileReference; explicitFileType = wrapper.application; includeInIndex = 0; path = Landmarks.app; sourceTree = BUILT_PRODUCTS_DIR; };
		480C716D2C1EF14A0059001A /* LandmarksApp.swift */ = {isa = PBXFileReference; lastKnownFileType = sourcecode.swift; path = LandmarksApp.swift; sourceTree = "<group>"; };
		480C71712C1EF14C0059001A /* Assets.xcassets */ = {isa = PBXFileReference; lastKnownFileType = folder.assetcatalog; path = Assets.xcassets; sourceTree = "<group>"; };
		480C71742C1EF14C0059001A /* Preview Assets.xcassets */ = {isa = PBXFileReference; lastKnownFileType = folder.assetcatalog; path = "Preview Assets.xcassets"; sourceTree = "<group>"; };
		487A6F1B2C1F1E8B000B3125 /* landmarkData.json */ = {isa = PBXFileReference; fileEncoding = 4; lastKnownFileType = text.json; path = landmarkData.json; sourceTree = "<group>"; };
		487A6F1D2C1F1E8B000B3125 /* CircleImage.swift */ = {isa = PBXFileReference; fileEncoding = 4; lastKnownFileType = sourcecode.swift; path = CircleImage.swift; sourceTree = "<group>"; };
		487A6F1E2C1F1E8B000B3125 /* FavoriteButton.swift */ = {isa = PBXFileReference; fileEncoding = 4; lastKnownFileType = sourcecode.swift; path = FavoriteButton.swift; sourceTree = "<group>"; };
		487A6F1F2C1F1E8B000B3125 /* MapView.swift */ = {isa = PBXFileReference; fileEncoding = 4; lastKnownFileType = sourcecode.swift; path = MapView.swift; sourceTree = "<group>"; };
		487A6F212C1F1E8B000B3125 /* LandmarkDetail.swift */ = {isa = PBXFileReference; fileEncoding = 4; lastKnownFileType = sourcecode.swift; path = LandmarkDetail.swift; sourceTree = "<group>"; };
		487A6F222C1F1E8B000B3125 /* LandmarkList.swift */ = {isa = PBXFileReference; fileEncoding = 4; lastKnownFileType = sourcecode.swift; path = LandmarkList.swift; sourceTree = "<group>"; };
		487A6F232C1F1E8B000B3125 /* LandmarkRow.swift */ = {isa = PBXFileReference; fileEncoding = 4; lastKnownFileType = sourcecode.swift; path = LandmarkRow.swift; sourceTree = "<group>"; };
		487A6F252C1F1E8B000B3125 /* ContentView.swift */ = {isa = PBXFileReference; fileEncoding = 4; lastKnownFileType = sourcecode.swift; path = ContentView.swift; sourceTree = "<group>"; };
		487A6F272C1F1E8B000B3125 /* Landmark.swift */ = {isa = PBXFileReference; fileEncoding = 4; lastKnownFileType = sourcecode.swift; path = Landmark.swift; sourceTree = "<group>"; };
		487A6F282C1F1E8B000B3125 /* ModelData.swift */ = {isa = PBXFileReference; fileEncoding = 4; lastKnownFileType = sourcecode.swift; path = ModelData.swift; sourceTree = "<group>"; };
		487A6F342C1F1FA8000B3125 /* HexagonParameters.swift.  .swift */ = {isa = PBXFileReference; lastKnownFileType = sourcecode.swift; path = "HexagonParameters.swift.  .swift"; sourceTree = "<group>"; };
		487A6F362C1F2081000B3125 /* BadgeBackground.swift */ = {isa = PBXFileReference; lastKnownFileType = sourcecode.swift; path = BadgeBackground.swift; sourceTree = "<group>"; };
		487A6F382C1F308C000B3125 /* BadgeSymbol.swift */ = {isa = PBXFileReference; lastKnownFileType = sourcecode.swift; path = BadgeSymbol.swift; sourceTree = "<group>"; };
		487A6F3A2C1F3137000B3125 /* RotatedBadgeSymbol.swift */ = {isa = PBXFileReference; lastKnownFileType = sourcecode.swift; path = RotatedBadgeSymbol.swift; sourceTree = "<group>"; };
		487A6F3C2C1F31B4000B3125 /* Badge.swift */ = {isa = PBXFileReference; lastKnownFileType = sourcecode.swift; path = Badge.swift; sourceTree = "<group>"; };
		487A6F3F2C1F33A7000B3125 /* hikeData.json */ = {isa = PBXFileReference; fileEncoding = 4; lastKnownFileType = text.json; path = hikeData.json; sourceTree = "<group>"; };
		487A6F412C1F33CE000B3125 /* Hike.swift */ = {isa = PBXFileReference; lastKnownFileType = sourcecode.swift; path = Hike.swift; sourceTree = "<group>"; };
		487A6F432C1F3580000B3125 /* GraphCapsule.swift */ = {isa = PBXFileReference; fileEncoding = 4; lastKnownFileType = sourcecode.swift; path = GraphCapsule.swift; sourceTree = "<group>"; };
		487A6F442C1F3580000B3125 /* HikeDetail.swift */ = {isa = PBXFileReference; fileEncoding = 4; lastKnownFileType = sourcecode.swift; path = HikeDetail.swift; sourceTree = "<group>"; };
		487A6F452C1F3580000B3125 /* HikeGraph.swift */ = {isa = PBXFileReference; fileEncoding = 4; lastKnownFileType = sourcecode.swift; path = HikeGraph.swift; sourceTree = "<group>"; };
		487A6F462C1F3580000B3125 /* HikeView.swift */ = {isa = PBXFileReference; fileEncoding = 4; lastKnownFileType = sourcecode.swift; path = HikeView.swift; sourceTree = "<group>"; };
		487A6F4D2C1F5874000B3125 /* CategoryHome.swift */ = {isa = PBXFileReference; lastKnownFileType = sourcecode.swift; path = CategoryHome.swift; sourceTree = "<group>"; };
		487A6F4F2C1F5A5C000B3125 /* CategoryRow.swift */ = {isa = PBXFileReference; lastKnownFileType = sourcecode.swift; path = CategoryRow.swift; sourceTree = "<group>"; };
		487A6F512C1F5AC9000B3125 /* CategoryItem.swift */ = {isa = PBXFileReference; lastKnownFileType = sourcecode.swift; path = CategoryItem.swift; sourceTree = "<group>"; };
/* End PBXFileReference section */

/* Begin PBXFrameworksBuildPhase section */
		480C71672C1EF14A0059001A /* Frameworks */ = {
			isa = PBXFrameworksBuildPhase;
			buildActionMask = 2147483647;
			files = (
			);
			runOnlyForDeploymentPostprocessing = 0;
		};
/* End PBXFrameworksBuildPhase section */

/* Begin PBXGroup section */
		480C71612C1EF14A0059001A = {
			isa = PBXGroup;
			children = (
				480C716C2C1EF14A0059001A /* Landmarks */,
				480C716B2C1EF14A0059001A /* Products */,
			);
			sourceTree = "<group>";
		};
		480C716B2C1EF14A0059001A /* Products */ = {
			isa = PBXGroup;
			children = (
				480C716A2C1EF14A0059001A /* Landmarks.app */,
			);
			name = Products;
			sourceTree = "<group>";
		};
		480C716C2C1EF14A0059001A /* Landmarks */ = {
			isa = PBXGroup;
			children = (
				487A6F472C1F3580000B3125 /* Hikes */,
				487A6F3F2C1F33A7000B3125 /* hikeData.json */,
				480C716D2C1EF14A0059001A /* LandmarksApp.swift */,
				487A6F292C1F1E8B000B3125 /* Model */,
				487A6F1C2C1F1E8B000B3125 /* Resources */,
				487A6F262C1F1E8B000B3125 /* Views */,
				480C71712C1EF14C0059001A /* Assets.xcassets */,
				480C71732C1EF14C0059001A /* Preview Content */,
			);
			path = Landmarks;
			sourceTree = "<group>";
		};
		480C71732C1EF14C0059001A /* Preview Content */ = {
			isa = PBXGroup;
			children = (
				480C71742C1EF14C0059001A /* Preview Assets.xcassets */,
			);
			path = "Preview Content";
			sourceTree = "<group>";
		};
		487A6F1C2C1F1E8B000B3125 /* Resources */ = {
			isa = PBXGroup;
			children = (
				487A6F1B2C1F1E8B000B3125 /* landmarkData.json */,
			);
			path = Resources;
			sourceTree = "<group>";
		};
		487A6F202C1F1E8B000B3125 /* Helpers */ = {
			isa = PBXGroup;
			children = (
				487A6F1D2C1F1E8B000B3125 /* CircleImage.swift */,
				487A6F1E2C1F1E8B000B3125 /* FavoriteButton.swift */,
				487A6F1F2C1F1E8B000B3125 /* MapView.swift */,
			);
			path = Helpers;
			sourceTree = "<group>";
		};
		487A6F242C1F1E8B000B3125 /* Landmarks */ = {
			isa = PBXGroup;
			children = (
				487A6F212C1F1E8B000B3125 /* LandmarkDetail.swift */,
				487A6F222C1F1E8B000B3125 /* LandmarkList.swift */,
				487A6F232C1F1E8B000B3125 /* LandmarkRow.swift */,
			);
			path = Landmarks;
			sourceTree = "<group>";
		};
		487A6F262C1F1E8B000B3125 /* Views */ = {
			isa = PBXGroup;
			children = (
				487A6F4C2C1F581C000B3125 /* Categories */,
				487A6F3E2C1F32E4000B3125 /* Badge */,
				487A6F202C1F1E8B000B3125 /* Helpers */,
				487A6F242C1F1E8B000B3125 /* Landmarks */,
				487A6F252C1F1E8B000B3125 /* ContentView.swift */,
			);
			path = Views;
			sourceTree = "<group>";
		};
		487A6F292C1F1E8B000B3125 /* Model */ = {
			isa = PBXGroup;
			children = (
				487A6F272C1F1E8B000B3125 /* Landmark.swift */,
				487A6F282C1F1E8B000B3125 /* ModelData.swift */,
				487A6F412C1F33CE000B3125 /* Hike.swift */,
			);
			path = Model;
			sourceTree = "<group>";
		};
		487A6F3E2C1F32E4000B3125 /* Badge */ = {
			isa = PBXGroup;
			children = (
				487A6F382C1F308C000B3125 /* BadgeSymbol.swift */,
				487A6F3A2C1F3137000B3125 /* RotatedBadgeSymbol.swift */,
				487A6F362C1F2081000B3125 /* BadgeBackground.swift */,
				487A6F3C2C1F31B4000B3125 /* Badge.swift */,
				487A6F342C1F1FA8000B3125 /* HexagonParameters.swift.  .swift */,
			);
			path = Badge;
			sourceTree = "<group>";
		};
		487A6F472C1F3580000B3125 /* Hikes */ = {
			isa = PBXGroup;
			children = (
				487A6F432C1F3580000B3125 /* GraphCapsule.swift */,
				487A6F442C1F3580000B3125 /* HikeDetail.swift */,
				487A6F452C1F3580000B3125 /* HikeGraph.swift */,
				487A6F462C1F3580000B3125 /* HikeView.swift */,
			);
			path = Hikes;
			sourceTree = "<group>";
		};
		487A6F4C2C1F581C000B3125 /* Categories */ = {
			isa = PBXGroup;
			children = (
				487A6F4F2C1F5A5C000B3125 /* CategoryRow.swift */,
				487A6F512C1F5AC9000B3125 /* CategoryItem.swift */,
				487A6F4D2C1F5874000B3125 /* CategoryHome.swift */,
			);
			path = Categories;
			sourceTree = "<group>";
		};
/* End PBXGroup section */

/* Begin PBXNativeTarget section */
		480C71692C1EF14A0059001A /* Landmarks */ = {
			isa = PBXNativeTarget;
			buildConfigurationList = 480C71782C1EF14C0059001A /* Build configuration list for PBXNativeTarget "Landmarks" */;
			buildPhases = (
				480C71662C1EF14A0059001A /* Sources */,
				480C71672C1EF14A0059001A /* Frameworks */,
				480C71682C1EF14A0059001A /* Resources */,
			);
			buildRules = (
			);
			dependencies = (
			);
			name = Landmarks;
			productName = Landmarks;
			productReference = 480C716A2C1EF14A0059001A /* Landmarks.app */;
			productType = "com.apple.product-type.application";
		};
/* End PBXNativeTarget section */

/* Begin PBXProject section */
		480C71622C1EF14A0059001A /* Project object */ = {
			isa = PBXProject;
			attributes = {
				BuildIndependentTargetsInParallel = 1;
				LastSwiftUpdateCheck = 1540;
				LastUpgradeCheck = 1540;
				TargetAttributes = {
					480C71692C1EF14A0059001A = {
						CreatedOnToolsVersion = 15.4;
					};
				};
			};
			buildConfigurationList = 480C71652C1EF14A0059001A /* Build configuration list for PBXProject "Landmarks" */;
			compatibilityVersion = "Xcode 14.0";
			developmentRegion = en;
			hasScannedForEncodings = 0;
			knownRegions = (
				en,
				Base,
			);
			mainGroup = 480C71612C1EF14A0059001A;
			productRefGroup = 480C716B2C1EF14A0059001A /* Products */;
			projectDirPath = "";
			projectRoot = "";
			targets = (
				480C71692C1EF14A0059001A /* Landmarks */,
			);
		};
/* End PBXProject section */

/* Begin PBXResourcesBuildPhase section */
		480C71682C1EF14A0059001A /* Resources */ = {
			isa = PBXResourcesBuildPhase;
			buildActionMask = 2147483647;
			files = (
				487A6F402C1F33A8000B3125 /* hikeData.json in Resources */,
				480C71752C1EF14C0059001A /* Preview Assets.xcassets in Resources */,
				480C71722C1EF14C0059001A /* Assets.xcassets in Resources */,
				487A6F2A2C1F1E8B000B3125 /* landmarkData.json in Resources */,
			);
			runOnlyForDeploymentPostprocessing = 0;
		};
/* End PBXResourcesBuildPhase section */

/* Begin PBXSourcesBuildPhase section */
		480C71662C1EF14A0059001A /* Sources */ = {
			isa = PBXSourcesBuildPhase;
			buildActionMask = 2147483647;
			files = (
				487A6F502C1F5A5C000B3125 /* CategoryRow.swift in Sources */,
				487A6F2C2C1F1E8B000B3125 /* FavoriteButton.swift in Sources */,
				487A6F4E2C1F5874000B3125 /* CategoryHome.swift in Sources */,
				487A6F3D2C1F31B4000B3125 /* Badge.swift in Sources */,
				487A6F2F2C1F1E8B000B3125 /* LandmarkList.swift in Sources */,
				487A6F482C1F3580000B3125 /* GraphCapsule.swift in Sources */,
				487A6F4A2C1F3580000B3125 /* HikeGraph.swift in Sources */,
				487A6F312C1F1E8B000B3125 /* ContentView.swift in Sources */,
				487A6F2D2C1F1E8B000B3125 /* MapView.swift in Sources */,
				487A6F522C1F5AC9000B3125 /* CategoryItem.swift in Sources */,
				480C716E2C1EF14A0059001A /* LandmarksApp.swift in Sources */,
				487A6F422C1F33CE000B3125 /* Hike.swift in Sources */,
				487A6F3B2C1F3137000B3125 /* RotatedBadgeSymbol.swift in Sources */,
				487A6F392C1F308C000B3125 /* BadgeSymbol.swift in Sources */,
				487A6F322C1F1E8B000B3125 /* Landmark.swift in Sources */,
				487A6F492C1F3580000B3125 /* HikeDetail.swift in Sources */,
				487A6F4B2C1F3580000B3125 /* HikeView.swift in Sources */,
				487A6F2E2C1F1E8B000B3125 /* LandmarkDetail.swift in Sources */,
				487A6F372C1F2081000B3125 /* BadgeBackground.swift in Sources */,
				487A6F332C1F1E8B000B3125 /* ModelData.swift in Sources */,
				487A6F302C1F1E8B000B3125 /* LandmarkRow.swift in Sources */,
				487A6F2B2C1F1E8B000B3125 /* CircleImage.swift in Sources */,
				487A6F352C1F1FA8000B3125 /* HexagonParameters.swift.  .swift in Sources */,
			);
			runOnlyForDeploymentPostprocessing = 0;
		};
/* End PBXSourcesBuildPhase section */

/* Begin XCBuildConfiguration section */
		480C71762C1EF14C0059001A /* Debug */ = {
			isa = XCBuildConfiguration;
			buildSettings = {
				ALWAYS_SEARCH_USER_PATHS = NO;
				ASSETCATALOG_COMPILER_GENERATE_SWIFT_ASSET_SYMBOL_EXTENSIONS = YES;
				CLANG_ANALYZER_NONNULL = YES;
				CLANG_ANALYZER_NUMBER_OBJECT_CONVERSION = YES_AGGRESSIVE;
				CLANG_CXX_LANGUAGE_STANDARD = "gnu++20";
				CLANG_ENABLE_MODULES = YES;
				CLANG_ENABLE_OBJC_ARC = YES;
				CLANG_ENABLE_OBJC_WEAK = YES;
				CLANG_WARN_BLOCK_CAPTURE_AUTORELEASING = YES;
				CLANG_WARN_BOOL_CONVERSION = YES;
				CLANG_WARN_COMMA = YES;
				CLANG_WARN_CONSTANT_CONVERSION = YES;
				CLANG_WARN_DEPRECATED_OBJC_IMPLEMENTATIONS = YES;
				CLANG_WARN_DIRECT_OBJC_ISA_USAGE = YES_ERROR;
				CLANG_WARN_DOCUMENTATION_COMMENTS = YES;
				CLANG_WARN_EMPTY_BODY = YES;
				CLANG_WARN_ENUM_CONVERSION = YES;
				CLANG_WARN_INFINITE_RECURSION = YES;
				CLANG_WARN_INT_CONVERSION = YES;
				CLANG_WARN_NON_LITERAL_NULL_CONVERSION = YES;
				CLANG_WARN_OBJC_IMPLICIT_RETAIN_SELF = YES;
				CLANG_WARN_OBJC_LITERAL_CONVERSION = YES;
				CLANG_WARN_OBJC_ROOT_CLASS = YES_ERROR;
				CLANG_WARN_QUOTED_INCLUDE_IN_FRAMEWORK_HEADER = YES;
				CLANG_WARN_RANGE_LOOP_ANALYSIS = YES;
				CLANG_WARN_STRICT_PROTOTYPES = YES;
				CLANG_WARN_SUSPICIOUS_MOVE = YES;
				CLANG_WARN_UNGUARDED_AVAILABILITY = YES_AGGRESSIVE;
				CLANG_WARN_UNREACHABLE_CODE = YES;
				CLANG_WARN__DUPLICATE_METHOD_MATCH = YES;
				COPY_PHASE_STRIP = NO;
				DEBUG_INFORMATION_FORMAT = dwarf;
				ENABLE_STRICT_OBJC_MSGSEND = YES;
				ENABLE_TESTABILITY = YES;
				ENABLE_USER_SCRIPT_SANDBOXING = YES;
				GCC_C_LANGUAGE_STANDARD = gnu17;
				GCC_DYNAMIC_NO_PIC = NO;
				GCC_NO_COMMON_BLOCKS = YES;
				GCC_OPTIMIZATION_LEVEL = 0;
				GCC_PREPROCESSOR_DEFINITIONS = (
					"DEBUG=1",
					"$(inherited)",
				);
				GCC_WARN_64_TO_32_BIT_CONVERSION = YES;
				GCC_WARN_ABOUT_RETURN_TYPE = YES_ERROR;
				GCC_WARN_UNDECLARED_SELECTOR = YES;
				GCC_WARN_UNINITIALIZED_AUTOS = YES_AGGRESSIVE;
				GCC_WARN_UNUSED_FUNCTION = YES;
				GCC_WARN_UNUSED_VARIABLE = YES;
				IPHONEOS_DEPLOYMENT_TARGET = 17.5;
				LOCALIZATION_PREFERS_STRING_CATALOGS = YES;
				MTL_ENABLE_DEBUG_INFO = INCLUDE_SOURCE;
				MTL_FAST_MATH = YES;
				ONLY_ACTIVE_ARCH = YES;
				SDKROOT = iphoneos;
				SWIFT_ACTIVE_COMPILATION_CONDITIONS = "DEBUG $(inherited)";
				SWIFT_OPTIMIZATION_LEVEL = "-Onone";
			};
			name = Debug;
		};
		480C71772C1EF14C0059001A /* Release */ = {
			isa = XCBuildConfiguration;
			buildSettings = {
				ALWAYS_SEARCH_USER_PATHS = NO;
				ASSETCATALOG_COMPILER_GENERATE_SWIFT_ASSET_SYMBOL_EXTENSIONS = YES;
				CLANG_ANALYZER_NONNULL = YES;
				CLANG_ANALYZER_NUMBER_OBJECT_CONVERSION = YES_AGGRESSIVE;
				CLANG_CXX_LANGUAGE_STANDARD = "gnu++20";
				CLANG_ENABLE_MODULES = YES;
				CLANG_ENABLE_OBJC_ARC = YES;
				CLANG_ENABLE_OBJC_WEAK = YES;
				CLANG_WARN_BLOCK_CAPTURE_AUTORELEASING = YES;
				CLANG_WARN_BOOL_CONVERSION = YES;
				CLANG_WARN_COMMA = YES;
				CLANG_WARN_CONSTANT_CONVERSION = YES;
				CLANG_WARN_DEPRECATED_OBJC_IMPLEMENTATIONS = YES;
				CLANG_WARN_DIRECT_OBJC_ISA_USAGE = YES_ERROR;
				CLANG_WARN_DOCUMENTATION_COMMENTS = YES;
				CLANG_WARN_EMPTY_BODY = YES;
				CLANG_WARN_ENUM_CONVERSION = YES;
				CLANG_WARN_INFINITE_RECURSION = YES;
				CLANG_WARN_INT_CONVERSION = YES;
				CLANG_WARN_NON_LITERAL_NULL_CONVERSION = YES;
				CLANG_WARN_OBJC_IMPLICIT_RETAIN_SELF = YES;
				CLANG_WARN_OBJC_LITERAL_CONVERSION = YES;
				CLANG_WARN_OBJC_ROOT_CLASS = YES_ERROR;
				CLANG_WARN_QUOTED_INCLUDE_IN_FRAMEWORK_HEADER = YES;
				CLANG_WARN_RANGE_LOOP_ANALYSIS = YES;
				CLANG_WARN_STRICT_PROTOTYPES = YES;
				CLANG_WARN_SUSPICIOUS_MOVE = YES;
				CLANG_WARN_UNGUARDED_AVAILABILITY = YES_AGGRESSIVE;
				CLANG_WARN_UNREACHABLE_CODE = YES;
				CLANG_WARN__DUPLICATE_METHOD_MATCH = YES;
				COPY_PHASE_STRIP = NO;
				DEBUG_INFORMATION_FORMAT = "dwarf-with-dsym";
				ENABLE_NS_ASSERTIONS = NO;
				ENABLE_STRICT_OBJC_MSGSEND = YES;
				ENABLE_USER_SCRIPT_SANDBOXING = YES;
				GCC_C_LANGUAGE_STANDARD = gnu17;
				GCC_NO_COMMON_BLOCKS = YES;
				GCC_WARN_64_TO_32_BIT_CONVERSION = YES;
				GCC_WARN_ABOUT_RETURN_TYPE = YES_ERROR;
				GCC_WARN_UNDECLARED_SELECTOR = YES;
				GCC_WARN_UNINITIALIZED_AUTOS = YES_AGGRESSIVE;
				GCC_WARN_UNUSED_FUNCTION = YES;
				GCC_WARN_UNUSED_VARIABLE = YES;
				IPHONEOS_DEPLOYMENT_TARGET = 17.5;
				LOCALIZATION_PREFERS_STRING_CATALOGS = YES;
				MTL_ENABLE_DEBUG_INFO = NO;
				MTL_FAST_MATH = YES;
				SDKROOT = iphoneos;
				SWIFT_COMPILATION_MODE = wholemodule;
				VALIDATE_PRODUCT = YES;
			};
			name = Release;
		};
		480C71792C1EF14C0059001A /* Debug */ = {
			isa = XCBuildConfiguration;
			buildSettings = {
				ASSETCATALOG_COMPILER_APPICON_NAME = AppIcon;
				ASSETCATALOG_COMPILER_GLOBAL_ACCENT_COLOR_NAME = AccentColor;
				CODE_SIGN_STYLE = Automatic;
				CURRENT_PROJECT_VERSION = 1;
				DEVELOPMENT_ASSET_PATHS = "\"Landmarks/Preview Content\"";
				ENABLE_PREVIEWS = YES;
				GENERATE_INFOPLIST_FILE = YES;
				INFOPLIST_KEY_UIApplicationSceneManifest_Generation = YES;
				INFOPLIST_KEY_UIApplicationSupportsIndirectInputEvents = YES;
				INFOPLIST_KEY_UILaunchScreen_Generation = YES;
				INFOPLIST_KEY_UISupportedInterfaceOrientations_iPad = "UIInterfaceOrientationPortrait UIInterfaceOrientationPortraitUpsideDown UIInterfaceOrientationLandscapeLeft UIInterfaceOrientationLandscapeRight";
				INFOPLIST_KEY_UISupportedInterfaceOrientations_iPhone = "UIInterfaceOrientationPortrait UIInterfaceOrientationLandscapeLeft UIInterfaceOrientationLandscapeRight";
				LD_RUNPATH_SEARCH_PATHS = (
					"$(inherited)",
					"@executable_path/Frameworks",
				);
				MARKETING_VERSION = 1.0;
				PRODUCT_BUNDLE_IDENTIFIER = bhattacharya.Landmarks;
				PRODUCT_NAME = "$(TARGET_NAME)";
				SWIFT_EMIT_LOC_STRINGS = YES;
				SWIFT_VERSION = 5.0;
				TARGETED_DEVICE_FAMILY = "1,2";
			};
			name = Debug;
		};
		480C717A2C1EF14C0059001A /* Release */ = {
			isa = XCBuildConfiguration;
			buildSettings = {
				ASSETCATALOG_COMPILER_APPICON_NAME = AppIcon;
				ASSETCATALOG_COMPILER_GLOBAL_ACCENT_COLOR_NAME = AccentColor;
				CODE_SIGN_STYLE = Automatic;
				CURRENT_PROJECT_VERSION = 1;
				DEVELOPMENT_ASSET_PATHS = "\"Landmarks/Preview Content\"";
				ENABLE_PREVIEWS = YES;
				GENERATE_INFOPLIST_FILE = YES;
				INFOPLIST_KEY_UIApplicationSceneManifest_Generation = YES;
				INFOPLIST_KEY_UIApplicationSupportsIndirectInputEvents = YES;
				INFOPLIST_KEY_UILaunchScreen_Generation = YES;
				INFOPLIST_KEY_UISupportedInterfaceOrientations_iPad = "UIInterfaceOrientationPortrait UIInterfaceOrientationPortraitUpsideDown UIInterfaceOrientationLandscapeLeft UIInterfaceOrientationLandscapeRight";
				INFOPLIST_KEY_UISupportedInterfaceOrientations_iPhone = "UIInterfaceOrientationPortrait UIInterfaceOrientationLandscapeLeft UIInterfaceOrientationLandscapeRight";
				LD_RUNPATH_SEARCH_PATHS = (
					"$(inherited)",
					"@executable_path/Frameworks",
				);
				MARKETING_VERSION = 1.0;
				PRODUCT_BUNDLE_IDENTIFIER = bhattacharya.Landmarks;
				PRODUCT_NAME = "$(TARGET_NAME)";
				SWIFT_EMIT_LOC_STRINGS = YES;
				SWIFT_VERSION = 5.0;
				TARGETED_DEVICE_FAMILY = "1,2";
			};
			name = Release;
		};
/* End XCBuildConfiguration section */

/* Begin XCConfigurationList section */
		480C71652C1EF14A0059001A /* Build configuration list for PBXProject "Landmarks" */ = {
			isa = XCConfigurationList;
			buildConfigurations = (
				480C71762C1EF14C0059001A /* Debug */,
				480C71772C1EF14C0059001A /* Release */,
			);
			defaultConfigurationIsVisible = 0;
			defaultConfigurationName = Release;
		};
		480C71782C1EF14C0059001A /* Build configuration list for PBXNativeTarget "Landmarks" */ = {
			isa = XCConfigurationList;
			buildConfigurations = (
				480C71792C1EF14C0059001A /* Debug */,
				480C717A2C1EF14C0059001A /* Release */,
			);
			defaultConfigurationIsVisible = 0;
			defaultConfigurationName = Release;
		};
/* End XCConfigurationList section */
	};
	rootObject = 480C71622C1EF14A0059001A /* Project object */;
}
